
Microsoft Visual Studio Solution File, Format Version 12.00
# Visual Studio 14
VisualStudioVersion = 14.0.25123.0
MinimumVisualStudioVersion = 10.0.40219.1
Project("{E24C65DC-7377-472B-9ABA-BC803B73C61A}") = "_03065522676_j_o_b_s", "..\..\..\..\..\..\inetpub\wwwroot\_03065522676_j_o_b_s\", "{8FE2325A-9E3E-47F8-A6A8-CBA5FCFDB122}"
	ProjectSection(WebsiteProperties) = preProject
		TargetFrameworkMoniker = ".NETFramework,Version%3Dv4.0"
		Debug.AspNetCompiler.VirtualPath = "/localhost_57906"
		Debug.AspNetCompiler.PhysicalPath = "..\..\..\..\..\..\inetpub\wwwroot\_03065522676_j_o_b_s\"
		Debug.AspNetCompiler.TargetPath = "PrecompiledWeb\localhost_57906\"
		Debug.AspNetCompiler.Updateable = "true"
		Debug.AspNetCompiler.ForceOverwrite = "true"
		Debug.AspNetCompiler.FixedNames = "false"
		Debug.AspNetCompiler.Debug = "True"
		Release.AspNetCompiler.VirtualPath = "/localhost_57906"
		Release.AspNetCompiler.PhysicalPath = "..\..\..\..\..\..\inetpub\wwwroot\_03065522676_j_o_b_s\"
		Release.AspNetCompiler.TargetPath = "PrecompiledWeb\localhost_57906\"
		Release.AspNetCompiler.Updateable = "true"
		Release.AspNetCompiler.ForceOverwrite = "true"
		Release.AspNetCompiler.FixedNames = "false"
		Release.AspNetCompiler.Debug = "False"
		VWDPort = "57906"
		SlnRelativePath = "..\..\..\..\..\..\inetpub\wwwroot\_03065522676_j_o_b_s\"
	EndProjectSection
EndProject
Global
	GlobalSection(SolutionConfigurationPlatforms) = preSolution
		Debug|Any CPU = Debug|Any CPU
	EndGlobalSection
	GlobalSection(ProjectConfigurationPlatforms) = postSolution
		{8FE2325A-9E3E-47F8-A6A8-CBA5FCFDB122}.Debug|Any CPU.ActiveCfg = Debug|Any CPU
		{8FE2325A-9E3E-47F8-A6A8-CBA5FCFDB122}.Debug|Any CPU.Build.0 = Debug|Any CPU
	EndGlobalSection
	GlobalSection(SolutionProperties) = preSolution
		HideSolutionNode = FALSE
	EndGlobalSection
EndGlobal
